
Microsoft Visual Studio Solution File, Format Version 12.00
# Visual Studio Version 17
VisualStudioVersion = 17.14.37012.4 d17.14
MinimumVisualStudioVersion = 10.0.40219.1
Project("{FAE04EC0-301F-11D3-BF4B-00C04F79EFBC}") = "BullEControl", "BullEControl\BullEControl.csproj", "{BF441280-AF85-48C5-97DF-64D3BF8141DA}"
EndProject
Global
	GlobalSection(SolutionConfigurationPlatforms) = preSolution
		Debug|Any CPU = Debug|Any CPU
		Release|Any CPU = Release|Any CPU
	EndGlobalSection
	GlobalSection(ProjectConfigurationPlatforms) = postSolution
		{BF441280-AF85-48C5-97DF-64D3BF8141DA}.Debug|Any CPU.ActiveCfg = Debug|Any CPU
		{BF441280-AF85-48C5-97DF-64D3BF8141DA}.Debug|Any CPU.Build.0 = Debug|Any CPU
		{BF441280-AF85-48C5-97DF-64D3BF8141DA}.Release|Any CPU.ActiveCfg = Release|Any CPU
		{BF441280-AF85-48C5-97DF-64D3BF8141DA}.Release|Any CPU.Build.0 = Release|Any CPU
	EndGlobalSection
	GlobalSection(SolutionProperties) = preSolution
		HideSolutionNode = FALSE
	EndGlobalSection
	GlobalSection(ExtensibilityGlobals) = postSolution
		SolutionGuid = {8DFAF72E-172C-4836-AB57-D9DFA8C6A860}
	EndGlobalSection
EndGlobal
